
Microsoft Visual Studio Solution File, Format Version 12.00
# Visual Studio Version 17
VisualStudioVersion = 17.3.32901.215
MinimumVisualStudioVersion = 10.0.40219.1
Project("{FAE04EC0-301F-11D3-BF4B-00C04F79EFBC}") = "CoffeeShop", "CoffeeShop\CoffeeShop.csproj", "{167686B4-B750-4964-9F02-287B9BBFA638}"
EndProject
Global
	GlobalSection(SolutionConfigurationPlatforms) = preSolution
		Debug|Any CPU = Debug|Any CPU
		Release|Any CPU = Release|Any CPU
	EndGlobalSection
	GlobalSection(ProjectConfigurationPlatforms) = postSolution
		{167686B4-B750-4964-9F02-287B9BBFA638}.Debug|Any CPU.ActiveCfg = Debug|Any CPU
		{167686B4-B750-4964-9F02-287B9BBFA638}.Debug|Any CPU.Build.0 = Debug|Any CPU
		{167686B4-B750-4964-9F02-287B9BBFA638}.Release|Any CPU.ActiveCfg = Release|Any CPU
		{167686B4-B750-4964-9F02-287B9BBFA638}.Release|Any CPU.Build.0 = Release|Any CPU
	EndGlobalSection
	GlobalSection(SolutionProperties) = preSolution
		HideSolutionNode = FALSE
	EndGlobalSection
	GlobalSection(ExtensibilityGlobals) = postSolution
		SolutionGuid = {E8E5DDB7-AC00-4A80-977F-A87F445A4C67}
	EndGlobalSection
EndGlobal
